{
  "name": "untitled-blaseball-project",
  "version": "1.0.0",
  "lockfileVersion": 2,
  "requires": true,
  "packages": {
    "": {
      "version": "1.0.0",
      "license": "MIT",
      "dependencies": {
        "grand-slalami": "^1.0.0",
        "mlustard": "^1.4.0"
      }
    },
    "node_modules/argparse": {
      "version": "2.0.1",
      "resolved": "https://registry.npmjs.org/argparse/-/argparse-2.0.1.tgz",
      "integrity": "sha512-8+9WqebbFzpX9OR+Wa6O29asIogeRMzcGtAINdpMHHyAg10f05aSFVBbcEqGf/PXw1EjAZ+q2/bEBg3DvurK3Q=="
    },
    "node_modules/grand-slalami": {
      "version": "1.0.0",
      "resolved": "https://registry.npmjs.org/grand-slalami/-/grand-slalami-1.0.0.tgz",
      "integrity": "sha512-Q/a78mggKbqzZXaaeCan8KZbZsayv+o6gZY6zSTQs1Bs0AMwOj/AM9zn2EBUMUCWKKAKRW6EB36gSMGhMpzzWw==",
      "dependencies": {
        "js-yaml": "^4.0.0",
        "mlustard": "^1.2.0",
        "tracery-grammar": "https://github.com/hora/tracery/tarball/main"
      }
    },
    "node_modules/js-yaml": {
      "version": "4.1.0",
      "resolved": "https://registry.npmjs.org/js-yaml/-/js-yaml-4.1.0.tgz",
      "integrity": "sha512-wpxZs9NoxZaJESJGIZTyDEaYpl0FKSA+FB9aJiyemKhMwkxQg63h4T1KJgUGHpTqPDNRcmmYLugrRjJlBtWvRA==",
      "dependencies": {
        "argparse": "^2.0.1"
      },
      "bin": {
        "js-yaml": "bin/js-yaml.js"
      }
    },
    "node_modules/mlustard": {
      "version": "1.4.1",
      "resolved": "https://registry.npmjs.org/mlustard/-/mlustard-1.4.1.tgz",
      "integrity": "sha512-8U2ypj2N/+MQYLk4zuK+CQM0P1jHh6SSMeCDRw1TAUqf5mwfrlTNcM4bki8fHmk/+SoEg/S0QzLUJ3tPlLuTvA=="
    },
    "node_modules/tracery-grammar": {
      "version": "2.7.2",
      "resolved": "https://github.com/hora/tracery/tarball/main",
      "integrity": "sha512-Zsme8sn+zvtliQKH72+a7GPGkQSz39YTQ5IW8M8pQWTgUBQLtbyXOhxzuqkrxKR77T9u3J9HfkSbpqx5T+M90A==",
      "license": "ISC"
    }
  },
  "dependencies": {
    "argparse": {
      "version": "2.0.1",
      "resolved": "https://registry.npmjs.org/argparse/-/argparse-2.0.1.tgz",
      "integrity": "sha512-8+9WqebbFzpX9OR+Wa6O29asIogeRMzcGtAINdpMHHyAg10f05aSFVBbcEqGf/PXw1EjAZ+q2/bEBg3DvurK3Q=="
    },
    "grand-slalami": {
      "version": "1.0.0",
      "resolved": "https://registry.npmjs.org/grand-slalami/-/grand-slalami-1.0.0.tgz",
      "integrity": "sha512-Q/a78mggKbqzZXaaeCan8KZbZsayv+o6gZY6zSTQs1Bs0AMwOj/AM9zn2EBUMUCWKKAKRW6EB36gSMGhMpzzWw==",
      "requires": {
        "js-yaml": "^4.0.0",
        "mlustard": "^1.2.0",
        "tracery-grammar": "https://github.com/hora/tracery/tarball/main"
      }
    },
    "js-yaml": {
      "version": "4.1.0",
      "resolved": "https://registry.npmjs.org/js-yaml/-/js-yaml-4.1.0.tgz",
      "integrity": "sha512-wpxZs9NoxZaJESJGIZTyDEaYpl0FKSA+FB9aJiyemKhMwkxQg63h4T1KJgUGHpTqPDNRcmmYLugrRjJlBtWvRA==",
      "requires": {
        "argparse": "^2.0.1"
      }
    },
    "mlustard": {
      "version": "1.4.1",
      "resolved": "https://registry.npmjs.org/mlustard/-/mlustard-1.4.1.tgz",
      "integrity": "sha512-8U2ypj2N/+MQYLk4zuK+CQM0P1jHh6SSMeCDRw1TAUqf5mwfrlTNcM4bki8fHmk/+SoEg/S0QzLUJ3tPlLuTvA=="
    },
    "tracery-grammar": {
      "version": "https://github.com/hora/tracery/tarball/main",
      "integrity": "sha512-Zsme8sn+zvtliQKH72+a7GPGkQSz39YTQ5IW8M8pQWTgUBQLtbyXOhxzuqkrxKR77T9u3J9HfkSbpqx5T+M90A=="
    }
  }
}
